
Microsoft Visual Studio Solution File, Format Version 12.00
# Visual Studio 15
VisualStudioVersion = 15.0.27130.2026
MinimumVisualStudioVersion = 10.0.40219.1
Project("{8BC9CEB8-8B4A-11D0-8D11-00A0C91BC942}") = "calc", "calc\calc.vcxproj", "{004DB590-23F9-4750-965C-83BFC0B3ECE3}"
EndProject
Global
	GlobalSection(SolutionConfigurationPlatforms) = preSolution
		Debug|x64 = Debug|x64
		Debug|x86 = Debug|x86
		Release|x64 = Release|x64
		Release|x86 = Release|x86
	EndGlobalSection
	GlobalSection(ProjectConfigurationPlatforms) = postSolution
		{004DB590-23F9-4750-965C-83BFC0B3ECE3}.Debug|x64.ActiveCfg = Debug|x64
		{004DB590-23F9-4750-965C-83BFC0B3ECE3}.Debug|x64.Build.0 = Debug|x64
		{004DB590-23F9-4750-965C-83BFC0B3ECE3}.Debug|x86.ActiveCfg = Debug|Win32
		{004DB590-23F9-4750-965C-83BFC0B3ECE3}.Debug|x86.Build.0 = Debug|Win32
		{004DB590-23F9-4750-965C-83BFC0B3ECE3}.Release|x64.ActiveCfg = Release|x64
		{004DB590-23F9-4750-965C-83BFC0B3ECE3}.Release|x64.Build.0 = Release|x64
		{004DB590-23F9-4750-965C-83BFC0B3ECE3}.Release|x86.ActiveCfg = Release|Win32
		{004DB590-23F9-4750-965C-83BFC0B3ECE3}.Release|x86.Build.0 = Release|Win32
	EndGlobalSection
	GlobalSection(SolutionProperties) = preSolution
		HideSolutionNode = FALSE
	EndGlobalSection
	GlobalSection(ExtensibilityGlobals) = postSolution
		SolutionGuid = {8974BDF9-6475-41BA-BFA5-09F0CC0965ED}
	EndGlobalSection
EndGlobal
